
Microsoft Visual Studio Solution File, Format Version 12.00
# Visual Studio Version 17
VisualStudioVersion = 17.12.35527.113 d17.12
MinimumVisualStudioVersion = 10.0.40219.1
Project("{FAE04EC0-301F-11D3-BF4B-00C04F79EFBC}") = "ProductDatabaseConnectionApp", "ProductDatabaseConnectionApp.csproj", "{B8F10904-A205-4CDF-A68B-EABE6A30A689}"
EndProject
Global
	GlobalSection(SolutionConfigurationPlatforms) = preSolution
		Debug|Any CPU = Debug|Any CPU
		Release|Any CPU = Release|Any CPU
	EndGlobalSection
	GlobalSection(ProjectConfigurationPlatforms) = postSolution
		{B8F10904-A205-4CDF-A68B-EABE6A30A689}.Debug|Any CPU.ActiveCfg = Debug|Any CPU
		{B8F10904-A205-4CDF-A68B-EABE6A30A689}.Debug|Any CPU.Build.0 = Debug|Any CPU
		{B8F10904-A205-4CDF-A68B-EABE6A30A689}.Release|Any CPU.ActiveCfg = Release|Any CPU
		{B8F10904-A205-4CDF-A68B-EABE6A30A689}.Release|Any CPU.Build.0 = Release|Any CPU
	EndGlobalSection
	GlobalSection(SolutionProperties) = preSolution
		HideSolutionNode = FALSE
	EndGlobalSection
EndGlobal
