
Microsoft Visual Studio Solution File, Format Version 12.00
# Visual Studio Version 17
VisualStudioVersion = 17.12.35527.113 d17.12
MinimumVisualStudioVersion = 10.0.40219.1
Project("{FAE04EC0-301F-11D3-BF4B-00C04F79EFBC}") = "RotateElementsby1PositionApp", "RotateElementsby1PositionApp.csproj", "{7059AEB5-BA8B-49E5-8158-9E798107E323}"
EndProject
Global
	GlobalSection(SolutionConfigurationPlatforms) = preSolution
		Debug|Any CPU = Debug|Any CPU
		Release|Any CPU = Release|Any CPU
	EndGlobalSection
	GlobalSection(ProjectConfigurationPlatforms) = postSolution
		{7059AEB5-BA8B-49E5-8158-9E798107E323}.Debug|Any CPU.ActiveCfg = Debug|Any CPU
		{7059AEB5-BA8B-49E5-8158-9E798107E323}.Debug|Any CPU.Build.0 = Debug|Any CPU
		{7059AEB5-BA8B-49E5-8158-9E798107E323}.Release|Any CPU.ActiveCfg = Release|Any CPU
		{7059AEB5-BA8B-49E5-8158-9E798107E323}.Release|Any CPU.Build.0 = Release|Any CPU
	EndGlobalSection
	GlobalSection(SolutionProperties) = preSolution
		HideSolutionNode = FALSE
	EndGlobalSection
EndGlobal
