
Microsoft Visual Studio Solution File, Format Version 12.00
# Visual Studio Version 17
VisualStudioVersion = 17.13.35806.99 d17.13
MinimumVisualStudioVersion = 10.0.40219.1
Project("{FAE04EC0-301F-11D3-BF4B-00C04F79EFBC}") = "SampleBankingApp", "SampleBankingApp.csproj", "{DC76C3B2-8D06-4A42-B72C-E9C5BDE5F816}"
EndProject
Global
	GlobalSection(SolutionConfigurationPlatforms) = preSolution
		Debug|Any CPU = Debug|Any CPU
		Release|Any CPU = Release|Any CPU
	EndGlobalSection
	GlobalSection(ProjectConfigurationPlatforms) = postSolution
		{DC76C3B2-8D06-4A42-B72C-E9C5BDE5F816}.Debug|Any CPU.ActiveCfg = Debug|Any CPU
		{DC76C3B2-8D06-4A42-B72C-E9C5BDE5F816}.Debug|Any CPU.Build.0 = Debug|Any CPU
		{DC76C3B2-8D06-4A42-B72C-E9C5BDE5F816}.Release|Any CPU.ActiveCfg = Release|Any CPU
		{DC76C3B2-8D06-4A42-B72C-E9C5BDE5F816}.Release|Any CPU.Build.0 = Release|Any CPU
	EndGlobalSection
	GlobalSection(SolutionProperties) = preSolution
		HideSolutionNode = FALSE
	EndGlobalSection
	GlobalSection(ExtensibilityGlobals) = postSolution
		SolutionGuid = {A7956B26-4099-4713-8726-5C8E29FE8B41}
	EndGlobalSection
EndGlobal
