
Microsoft Visual Studio Solution File, Format Version 12.00
# Visual Studio Version 17
VisualStudioVersion = 17.13.35806.99 d17.13
MinimumVisualStudioVersion = 10.0.40219.1
Project("{FAE04EC0-301F-11D3-BF4B-00C04F79EFBC}") = "BankingApplicationApp", "BankingApplicationApp.csproj", "{78C568BA-851F-47DB-8DE7-B9C645331FAB}"
EndProject
Global
	GlobalSection(SolutionConfigurationPlatforms) = preSolution
		Debug|Any CPU = Debug|Any CPU
		Release|Any CPU = Release|Any CPU
	EndGlobalSection
	GlobalSection(ProjectConfigurationPlatforms) = postSolution
		{78C568BA-851F-47DB-8DE7-B9C645331FAB}.Debug|Any CPU.ActiveCfg = Debug|Any CPU
		{78C568BA-851F-47DB-8DE7-B9C645331FAB}.Debug|Any CPU.Build.0 = Debug|Any CPU
		{78C568BA-851F-47DB-8DE7-B9C645331FAB}.Release|Any CPU.ActiveCfg = Release|Any CPU
		{78C568BA-851F-47DB-8DE7-B9C645331FAB}.Release|Any CPU.Build.0 = Release|Any CPU
	EndGlobalSection
	GlobalSection(SolutionProperties) = preSolution
		HideSolutionNode = FALSE
	EndGlobalSection
	GlobalSection(ExtensibilityGlobals) = postSolution
		SolutionGuid = {3BAA2D63-A42D-45EE-833D-F660C81617A9}
	EndGlobalSection
EndGlobal
